// !$*UTF8*$!
{
	archiveVersion = 1;
	classes = {
	};
	objectVersion = 77;
	objects = {

/* Begin PBXContainerItemProxy section */
		BF0B4FD12EF45F1F00AC9B6A /* PBXContainerItemProxy */ = {
			isa = PBXContainerItemProxy;
			containerPortal = BF0B4FBB2EF45F1D00AC9B6A /* Project object */;
			proxyType = 1;
			remoteGlobalIDString = BF0B4FC22EF45F1D00AC9B6A;
			remoteInfo = CloverFinder;
		};
		BF0B4FDB2EF45F1F00AC9B6A /* PBXContainerItemProxy */ = {
			isa = PBXContainerItemProxy;
			containerPortal = BF0B4FBB2EF45F1D00AC9B6A /* Project object */;
			proxyType = 1;
			remoteGlobalIDString = BF0B4FC22EF45F1D00AC9B6A;
			remoteInfo = CloverFinder;
		};
/* End PBXContainerItemProxy section */

/* Begin PBXFileReference section */
		BF0B4FC32EF45F1D00AC9B6A /* CloverFinder.app */ = {isa = PBXFileReference; explicitFileType = wrapper.application; includeInIndex = 0; path = CloverFinder.app; sourceTree = BUILT_PRODUCTS_DIR; };
		BF0B4FD02EF45F1F00AC9B6A /* CloverFinderTests.xctest */ = {isa = PBXFileReference; explicitFileType = wrapper.cfbundle; includeInIndex = 0; path = CloverFinderTests.xctest; sourceTree = BUILT_PRODUCTS_DIR; };
		BF0B4FDA2EF45F1F00AC9B6A /* CloverFinderUITests.xctest */ = {isa = PBXFileReference; explicitFileType = wrapper.cfbundle; includeInIndex = 0; path = CloverFinderUITests.xctest; sourceTree = BUILT_PRODUCTS_DIR; };
/* End PBXFileReference section */

/* Begin PBXFileSystemSynchronizedRootGroup section */
		BF0B4FC52EF45F1D00AC9B6A /* CloverFinder */ = {
			isa = PBXFileSystemSynchronizedRootGroup;
			path = CloverFinder;
			sourceTree = "<group>";
		};
		BF0B4FD32EF45F1F00AC9B6A /* CloverFinderTests */ = {
			isa = PBXFileSystemSynchronizedRootGroup;
			path = CloverFinderTests;
			sourceTree = "<group>";
		};
		BF0B4FDD2EF45F1F00AC9B6A /* CloverFinderUITests */ = {
			isa = PBXFileSystemSynchronizedRootGroup;
			path = CloverFinderUITests;
			sourceTree = "<group>";
		};
/* End PBXFileSystemSynchronizedRootGroup section */

/* Begin PBXFrameworksBuildPhase section */
		BF0B4FC02EF45F1D00AC9B6A /* Frameworks */ = {
			isa = PBXFrameworksBuildPhase;
			buildActionMask = 2147483647;
			files = (
			);
			runOnlyForDeploymentPostprocessing = 0;
		};
		BF0B4FCD2EF45F1F00AC9B6A /* Frameworks */ = {
			isa = PBXFrameworksBuildPhase;
			buildActionMask = 2147483647;
			files = (
			);
			runOnlyForDeploymentPostprocessing = 0;
		};
		BF0B4FD72EF45F1F00AC9B6A /* Frameworks */ = {
			isa = PBXFrameworksBuildPhase;
			buildActionMask = 2147483647;
			files = (
			);
			runOnlyForDeploymentPostprocessing = 0;
		};
/* End PBXFrameworksBuildPhase section */

/* Begin PBXGroup section */
		BF0B4FBA2EF45F1D00AC9B6A = {
			isa = PBXGroup;
			children = (
				BF0B4FC52EF45F1D00AC9B6A /* CloverFinder */,
				BF0B4FD32EF45F1F00AC9B6A /* CloverFinderTests */,
				BF0B4FDD2EF45F1F00AC9B6A /* CloverFinderUITests */,
				BF0B4FC42EF45F1D00AC9B6A /* Products */,
			);
			sourceTree = "<group>";
		};
		BF0B4FC42EF45F1D00AC9B6A /* Products */ = {
			isa = PBXGroup;
			children = (
				BF0B4FC32EF45F1D00AC9B6A /* CloverFinder.app */,
				BF0B4FD02EF45F1F00AC9B6A /* CloverFinderTests.xctest */,
				BF0B4FDA2EF45F1F00AC9B6A /* CloverFinderUITests.xctest */,
			);
			name = Products;
			sourceTree = "<group>";
		};
/* End PBXGroup section */

/* Begin PBXNativeTarget section */
		BF0B4FC22EF45F1D00AC9B6A /* CloverFinder */ = {
			isa = PBXNativeTarget;
			buildConfigurationList = BF0B4FE42EF45F1F00AC9B6A /* Build configuration list for PBXNativeTarget "CloverFinder" */;
			buildPhases = (
				BF0B4FBF2EF45F1D00AC9B6A /* Sources */,
				BF0B4FC02EF45F1D00AC9B6A /* Frameworks */,
				BF0B4FC12EF45F1D00AC9B6A /* Resources */,
			);
			buildRules = (
			);
			dependencies = (
			);
			fileSystemSynchronizedGroups = (
				BF0B4FC52EF45F1D00AC9B6A /* CloverFinder */,
			);
			name = CloverFinder;
			packageProductDependencies = (
			);
			productName = CloverFinder;
			productReference = BF0B4FC32EF45F1D00AC9B6A /* CloverFinder.app */;
			productType = "com.apple.product-type.application";
		};
		BF0B4FCF2EF45F1F00AC9B6A /* CloverFinderTests */ = {
			isa = PBXNativeTarget;
			buildConfigurationList = BF0B4FE72EF45F1F00AC9B6A /* Build configuration list for PBXNativeTarget "CloverFinderTests" */;
			buildPhases = (
				BF0B4FCC2EF45F1F00AC9B6A /* Sources */,
				BF0B4FCD2EF45F1F00AC9B6A /* Frameworks */,
				BF0B4FCE2EF45F1F00AC9B6A /* Resources */,
			);
			buildRules = (
			);
			dependencies = (
				BF0B4FD22EF45F1F00AC9B6A /* PBXTargetDependency */,
			);
			fileSystemSynchronizedGroups = (
				BF0B4FD32EF45F1F00AC9B6A /* CloverFinderTests */,
			);
			name = CloverFinderTests;
			packageProductDependencies = (
			);
			productName = CloverFinderTests;
			productReference = BF0B4FD02EF45F1F00AC9B6A /* CloverFinderTests.xctest */;
			productType = "com.apple.product-type.bundle.unit-test";
		};
		BF0B4FD92EF45F1F00AC9B6A /* CloverFinderUITests */ = {
			isa = PBXNativeTarget;
			buildConfigurationList = BF0B4FEA2EF45F1F00AC9B6A /* Build configuration list for PBXNativeTarget "CloverFinderUITests" */;
			buildPhases = (
				BF0B4FD62EF45F1F00AC9B6A /* Sources */,
				BF0B4FD72EF45F1F00AC9B6A /* Frameworks */,
				BF0B4FD82EF45F1F00AC9B6A /* Resources */,
			);
			buildRules = (
			);
			dependencies = (
				BF0B4FDC2EF45F1F00AC9B6A /* PBXTargetDependency */,
			);
			fileSystemSynchronizedGroups = (
				BF0B4FDD2EF45F1F00AC9B6A /* CloverFinderUITests */,
			);
			name = CloverFinderUITests;
			packageProductDependencies = (
			);
			productName = CloverFinderUITests;
			productReference = BF0B4FDA2EF45F1F00AC9B6A /* CloverFinderUITests.xctest */;
			productType = "com.apple.product-type.bundle.ui-testing";
		};
/* End PBXNativeTarget section */

/* Begin PBXProject section */
		BF0B4FBB2EF45F1D00AC9B6A /* Project object */ = {
			isa = PBXProject;
			attributes = {
				BuildIndependentTargetsInParallel = 1;
				LastSwiftUpdateCheck = 2620;
				LastUpgradeCheck = 2620;
				TargetAttributes = {
					BF0B4FC22EF45F1D00AC9B6A = {
						CreatedOnToolsVersion = 26.2;
					};
					BF0B4FCF2EF45F1F00AC9B6A = {
						CreatedOnToolsVersion = 26.2;
						TestTargetID = BF0B4FC22EF45F1D00AC9B6A;
					};
					BF0B4FD92EF45F1F00AC9B6A = {
						CreatedOnToolsVersion = 26.2;
						TestTargetID = BF0B4FC22EF45F1D00AC9B6A;
					};
				};
			};
			buildConfigurationList = BF0B4FBE2EF45F1D00AC9B6A /* Build configuration list for PBXProject "CloverFinder" */;
			developmentRegion = en;
			hasScannedForEncodings = 0;
			knownRegions = (
				en,
				Base,
			);
			mainGroup = BF0B4FBA2EF45F1D00AC9B6A;
			minimizedProjectReferenceProxies = 1;
			preferredProjectObjectVersion = 77;
			productRefGroup = BF0B4FC42EF45F1D00AC9B6A /* Products */;
			projectDirPath = "";
			projectRoot = "";
			targets = (
				BF0B4FC22EF45F1D00AC9B6A /* CloverFinder */,
				BF0B4FCF2EF45F1F00AC9B6A /* CloverFinderTests */,
				BF0B4FD92EF45F1F00AC9B6A /* CloverFinderUITests */,
			);
		};
/* End PBXProject section */

/* Begin PBXResourcesBuildPhase section */
		BF0B4FC12EF45F1D00AC9B6A /* Resources */ = {
			isa = PBXResourcesBuildPhase;
			buildActionMask = 2147483647;
			files = (
			);
			runOnlyForDeploymentPostprocessing = 0;
		};
		BF0B4FCE2EF45F1F00AC9B6A /* Resources */ = {
			isa = PBXResourcesBuildPhase;
			buildActionMask = 2147483647;
			files = (
			);
			runOnlyForDeploymentPostprocessing = 0;
		};
		BF0B4FD82EF45F1F00AC9B6A /* Resources */ = {
			isa = PBXResourcesBuildPhase;
			buildActionMask = 2147483647;
			files = (
			);
			runOnlyForDeploymentPostprocessing = 0;
		};
/* End PBXResourcesBuildPhase section */

/* Begin PBXSourcesBuildPhase section */
		BF0B4FBF2EF45F1D00AC9B6A /* Sources */ = {
			isa = PBXSourcesBuildPhase;
			buildActionMask = 2147483647;
			files = (
			);
			runOnlyForDeploymentPostprocessing = 0;
		};
		BF0B4FCC2EF45F1F00AC9B6A /* Sources */ = {
			isa = PBXSourcesBuildPhase;
			buildActionMask = 2147483647;
			files = (
			);
			runOnlyForDeploymentPostprocessing = 0;
		};
		BF0B4FD62EF45F1F00AC9B6A /* Sources */ = {
			isa = PBXSourcesBuildPhase;
			buildActionMask = 2147483647;
			files = (
			);
			runOnlyForDeploymentPostprocessing = 0;
		};
/* End PBXSourcesBuildPhase section */

/* Begin PBXTargetDependency section */
		BF0B4FD22EF45F1F00AC9B6A /* PBXTargetDependency */ = {
			isa = PBXTargetDependency;
			target = BF0B4FC22EF45F1D00AC9B6A /* CloverFinder */;
			targetProxy = BF0B4FD12EF45F1F00AC9B6A /* PBXContainerItemProxy */;
		};
		BF0B4FDC2EF45F1F00AC9B6A /* PBXTargetDependency */ = {
			isa = PBXTargetDependency;
			target = BF0B4FC22EF45F1D00AC9B6A /* CloverFinder */;
			targetProxy = BF0B4FDB2EF45F1F00AC9B6A /* PBXContainerItemProxy */;
		};
/* End PBXTargetDependency section */

/* Begin XCBuildConfiguration section */
		BF0B4FE22EF45F1F00AC9B6A /* Debug */ = {
			isa = XCBuildConfiguration;
			buildSettings = {
				ALWAYS_SEARCH_USER_PATHS = NO;
				ASSETCATALOG_COMPILER_GENERATE_SWIFT_ASSET_SYMBOL_EXTENSIONS = YES;
				CLANG_ANALYZER_NONNULL = YES;
				CLANG_ANALYZER_NUMBER_OBJECT_CONVERSION = YES_AGGRESSIVE;
				CLANG_CXX_LANGUAGE_STANDARD = "gnu++20";
				CLANG_ENABLE_MODULES = YES;
				CLANG_ENABLE_OBJC_ARC = YES;
				CLANG_ENABLE_OBJC_WEAK = YES;
				CLANG_WARN_BLOCK_CAPTURE_AUTORELEASING = YES;
				CLANG_WARN_BOOL_CONVERSION = YES;
				CLANG_WARN_COMMA = YES;
				CLANG_WARN_CONSTANT_CONVERSION = YES;
				CLANG_WARN_DEPRECATED_OBJC_IMPLEMENTATIONS = YES;
				CLANG_WARN_DIRECT_OBJC_ISA_USAGE = YES_ERROR;
				CLANG_WARN_DOCUMENTATION_COMMENTS = YES;
				CLANG_WARN_EMPTY_BODY = YES;
				CLANG_WARN_ENUM_CONVERSION = YES;
				CLANG_WARN_INFINITE_RECURSION = YES;
				CLANG_WARN_INT_CONVERSION = YES;
				CLANG_WARN_NON_LITERAL_NULL_CONVERSION = YES;
				CLANG_WARN_OBJC_IMPLICIT_RETAIN_SELF = YES;
				CLANG_WARN_OBJC_LITERAL_CONVERSION = YES;
				CLANG_WARN_OBJC_ROOT_CLASS = YES_ERROR;
				CLANG_WARN_QUOTED_INCLUDE_IN_FRAMEWORK_HEADER = YES;
				CLANG_WARN_RANGE_LOOP_ANALYSIS = YES;
				CLANG_WARN_STRICT_PROTOTYPES = YES;
				CLANG_WARN_SUSPICIOUS_MOVE = YES;
				CLANG_WARN_UNGUARDED_AVAILABILITY = YES_AGGRESSIVE;
				CLANG_WARN_UNREACHABLE_CODE = YES;
				CLANG_WARN__DUPLICATE_METHOD_MATCH = YES;
				COPY_PHASE_STRIP = NO;
				DEBUG_INFORMATION_FORMAT = dwarf;
				DEVELOPMENT_TEAM = Z78375QK9J;
				ENABLE_STRICT_OBJC_MSGSEND = YES;
				ENABLE_TESTABILITY = YES;
				ENABLE_USER_SCRIPT_SANDBOXING = YES;
				GCC_C_LANGUAGE_STANDARD = gnu17;
				GCC_DYNAMIC_NO_PIC = NO;
				GCC_NO_COMMON_BLOCKS = YES;
				GCC_OPTIMIZATION_LEVEL = 0;
				GCC_PREPROCESSOR_DEFINITIONS = (
					"DEBUG=1",
					"$(inherited)",
				);
				GCC_WARN_64_TO_32_BIT_CONVERSION = YES;
				GCC_WARN_ABOUT_RETURN_TYPE = YES_ERROR;
				GCC_WARN_UNDECLARED_SELECTOR = YES;
				GCC_WARN_UNINITIALIZED_AUTOS = YES_AGGRESSIVE;
				GCC_WARN_UNUSED_FUNCTION = YES;
				GCC_WARN_UNUSED_VARIABLE = YES;
				IPHONEOS_DEPLOYMENT_TARGET = 26.2;
				LOCALIZATION_PREFERS_STRING_CATALOGS = YES;
				MTL_ENABLE_DEBUG_INFO = INCLUDE_SOURCE;
				MTL_FAST_MATH = YES;
				ONLY_ACTIVE_ARCH = YES;
				SDKROOT = iphoneos;
				SWIFT_ACTIVE_COMPILATION_CONDITIONS = "DEBUG $(inherited)";
				SWIFT_OPTIMIZATION_LEVEL = "-Onone";
			};
			name = Debug;
		};
		BF0B4FE32EF45F1F00AC9B6A /* Release */ = {
			isa = XCBuildConfiguration;
			buildSettings = {
				ALWAYS_SEARCH_USER_PATHS = NO;
				ASSETCATALOG_COMPILER_GENERATE_SWIFT_ASSET_SYMBOL_EXTENSIONS = YES;
				CLANG_ANALYZER_NONNULL = YES;
				CLANG_ANALYZER_NUMBER_OBJECT_CONVERSION = YES_AGGRESSIVE;
				CLANG_CXX_LANGUAGE_STANDARD = "gnu++20";
				CLANG_ENABLE_MODULES = YES;
				CLANG_ENABLE_OBJC_ARC = YES;
				CLANG_ENABLE_OBJC_WEAK = YES;
				CLANG_WARN_BLOCK_CAPTURE_AUTORELEASING = YES;
				CLANG_WARN_BOOL_CONVERSION = YES;
				CLANG_WARN_COMMA = YES;
				CLANG_WARN_CONSTANT_CONVERSION = YES;
				CLANG_WARN_DEPRECATED_OBJC_IMPLEMENTATIONS = YES;
				CLANG_WARN_DIRECT_OBJC_ISA_USAGE = YES_ERROR;
				CLANG_WARN_DOCUMENTATION_COMMENTS = YES;
				CLANG_WARN_EMPTY_BODY = YES;
				CLANG_WARN_ENUM_CONVERSION = YES;
				CLANG_WARN_INFINITE_RECURSION = YES;
				CLANG_WARN_INT_CONVERSION = YES;
				CLANG_WARN_NON_LITERAL_NULL_CONVERSION = YES;
				CLANG_WARN_OBJC_IMPLICIT_RETAIN_SELF = YES;
				CLANG_WARN_OBJC_LITERAL_CONVERSION = YES;
				CLANG_WARN_OBJC_ROOT_CLASS = YES_ERROR;
				CLANG_WARN_QUOTED_INCLUDE_IN_FRAMEWORK_HEADER = YES;
				CLANG_WARN_RANGE_LOOP_ANALYSIS = YES;
				CLANG_WARN_STRICT_PROTOTYPES = YES;
				CLANG_WARN_SUSPICIOUS_MOVE = YES;
				CLANG_WARN_UNGUARDED_AVAILABILITY = YES_AGGRESSIVE;
				CLANG_WARN_UNREACHABLE_CODE = YES;
				CLANG_WARN__DUPLICATE_METHOD_MATCH = YES;
				COPY_PHASE_STRIP = NO;
				DEBUG_INFORMATION_FORMAT = "dwarf-with-dsym";
				DEVELOPMENT_TEAM = Z78375QK9J;
				ENABLE_NS_ASSERTIONS = NO;
				ENABLE_STRICT_OBJC_MSGSEND = YES;
				ENABLE_USER_SCRIPT_SANDBOXING = YES;
				GCC_C_LANGUAGE_STANDARD = gnu17;
				GCC_NO_COMMON_BLOCKS = YES;
				GCC_WARN_64_TO_32_BIT_CONVERSION = YES;
				GCC_WARN_ABOUT_RETURN_TYPE = YES_ERROR;
				GCC_WARN_UNDECLARED_SELECTOR = YES;
				GCC_WARN_UNINITIALIZED_AUTOS = YES_AGGRESSIVE;
				GCC_WARN_UNUSED_FUNCTION = YES;
				GCC_WARN_UNUSED_VARIABLE = YES;
				IPHONEOS_DEPLOYMENT_TARGET = 26.2;
				LOCALIZATION_PREFERS_STRING_CATALOGS = YES;
				MTL_ENABLE_DEBUG_INFO = NO;
				MTL_FAST_MATH = YES;
				SDKROOT = iphoneos;
				SWIFT_COMPILATION_MODE = wholemodule;
				VALIDATE_PRODUCT = YES;
			};
			name = Release;
		};
		BF0B4FE52EF45F1F00AC9B6A /* Debug */ = {
			isa = XCBuildConfiguration;
			buildSettings = {
				ASSETCATALOG_COMPILER_APPICON_NAME = AppIcon;
				ASSETCATALOG_COMPILER_GLOBAL_ACCENT_COLOR_NAME = AccentColor;
				CODE_SIGN_STYLE = Automatic;
				CURRENT_PROJECT_VERSION = 1;
				DEVELOPMENT_TEAM = 97YWGASXD7;
				ENABLE_PREVIEWS = YES;
				GENERATE_INFOPLIST_FILE = YES;
				INFOPLIST_KEY_NSCameraUsageDescription = "Camera is used to detect four-leaf clovers in real time.";
				INFOPLIST_KEY_UIApplicationSceneManifest_Generation = YES;
				INFOPLIST_KEY_UIApplicationSupportsIndirectInputEvents = YES;
				INFOPLIST_KEY_UILaunchScreen_Generation = YES;
				INFOPLIST_KEY_UISupportedInterfaceOrientations_iPad = "UIInterfaceOrientationPortrait UIInterfaceOrientationPortraitUpsideDown UIInterfaceOrientationLandscapeLeft UIInterfaceOrientationLandscapeRight";
				INFOPLIST_KEY_UISupportedInterfaceOrientations_iPhone = "UIInterfaceOrientationPortrait UIInterfaceOrientationLandscapeLeft UIInterfaceOrientationLandscapeRight";
				IPHONEOS_DEPLOYMENT_TARGET = 17.0;
				LD_RUNPATH_SEARCH_PATHS = (
					"$(inherited)",
					"@executable_path/Frameworks",
				);
				MARKETING_VERSION = 1.0;
				PRODUCT_BUNDLE_IDENTIFIER = manbat.CloverFinder;
				PRODUCT_NAME = "$(TARGET_NAME)";
				STRING_CATALOG_GENERATE_SYMBOLS = YES;
				SWIFT_APPROACHABLE_CONCURRENCY = YES;
				SWIFT_DEFAULT_ACTOR_ISOLATION = MainActor;
				SWIFT_EMIT_LOC_STRINGS = YES;
				SWIFT_UPCOMING_FEATURE_MEMBER_IMPORT_VISIBILITY = YES;
				SWIFT_VERSION = 5.0;
				TARGETED_DEVICE_FAMILY = "1,2";
			};
			name = Debug;
		};
		BF0B4FE62EF45F1F00AC9B6A /* Release */ = {
			isa = XCBuildConfiguration;
			buildSettings = {
				ASSETCATALOG_COMPILER_APPICON_NAME = AppIcon;
				ASSETCATALOG_COMPILER_GLOBAL_ACCENT_COLOR_NAME = AccentColor;
				CODE_SIGN_STYLE = Automatic;
				CURRENT_PROJECT_VERSION = 1;
				DEVELOPMENT_TEAM = 97YWGASXD7;
				ENABLE_PREVIEWS = YES;
				GENERATE_INFOPLIST_FILE = YES;
				INFOPLIST_KEY_NSCameraUsageDescription = "Camera is used to detect four-leaf clovers in real time.";
				INFOPLIST_KEY_UIApplicationSceneManifest_Generation = YES;
				INFOPLIST_KEY_UIApplicationSupportsIndirectInputEvents = YES;
				INFOPLIST_KEY_UILaunchScreen_Generation = YES;
				INFOPLIST_KEY_UISupportedInterfaceOrientations_iPad = "UIInterfaceOrientationPortrait UIInterfaceOrientationPortraitUpsideDown UIInterfaceOrientationLandscapeLeft UIInterfaceOrientationLandscapeRight";
				INFOPLIST_KEY_UISupportedInterfaceOrientations_iPhone = "UIInterfaceOrientationPortrait UIInterfaceOrientationLandscapeLeft UIInterfaceOrientationLandscapeRight";
				IPHONEOS_DEPLOYMENT_TARGET = 17.0;
				LD_RUNPATH_SEARCH_PATHS = (
					"$(inherited)",
					"@executable_path/Frameworks",
				);
				MARKETING_VERSION = 1.0;
				PRODUCT_BUNDLE_IDENTIFIER = manbat.CloverFinder;
				PRODUCT_NAME = "$(TARGET_NAME)";
				STRING_CATALOG_GENERATE_SYMBOLS = YES;
				SWIFT_APPROACHABLE_CONCURRENCY = YES;
				SWIFT_DEFAULT_ACTOR_ISOLATION = MainActor;
				SWIFT_EMIT_LOC_STRINGS = YES;
				SWIFT_UPCOMING_FEATURE_MEMBER_IMPORT_VISIBILITY = YES;
				SWIFT_VERSION = 5.0;
				TARGETED_DEVICE_FAMILY = "1,2";
			};
			name = Release;
		};
		BF0B4FE82EF45F1F00AC9B6A /* Debug */ = {
			isa = XCBuildConfiguration;
			buildSettings = {
				BUNDLE_LOADER = "$(TEST_HOST)";
				CODE_SIGN_STYLE = Automatic;
				CURRENT_PROJECT_VERSION = 1;
				DEVELOPMENT_TEAM = Z78375QK9J;
				GENERATE_INFOPLIST_FILE = YES;
				IPHONEOS_DEPLOYMENT_TARGET = 26.2;
				MARKETING_VERSION = 1.0;
				PRODUCT_BUNDLE_IDENTIFIER = manbat.CloverFinderTests;
				PRODUCT_NAME = "$(TARGET_NAME)";
				STRING_CATALOG_GENERATE_SYMBOLS = NO;
				SWIFT_APPROACHABLE_CONCURRENCY = YES;
				SWIFT_EMIT_LOC_STRINGS = NO;
				SWIFT_UPCOMING_FEATURE_MEMBER_IMPORT_VISIBILITY = YES;
				SWIFT_VERSION = 5.0;
				TARGETED_DEVICE_FAMILY = "1,2";
				TEST_HOST = "$(BUILT_PRODUCTS_DIR)/CloverFinder.app/$(BUNDLE_EXECUTABLE_FOLDER_PATH)/CloverFinder";
			};
			name = Debug;
		};
		BF0B4FE92EF45F1F00AC9B6A /* Release */ = {
			isa = XCBuildConfiguration;
			buildSettings = {
				BUNDLE_LOADER = "$(TEST_HOST)";
				CODE_SIGN_STYLE = Automatic;
				CURRENT_PROJECT_VERSION = 1;
				DEVELOPMENT_TEAM = Z78375QK9J;
				GENERATE_INFOPLIST_FILE = YES;
				IPHONEOS_DEPLOYMENT_TARGET = 26.2;
				MARKETING_VERSION = 1.0;
				PRODUCT_BUNDLE_IDENTIFIER = manbat.CloverFinderTests;
				PRODUCT_NAME = "$(TARGET_NAME)";
				STRING_CATALOG_GENERATE_SYMBOLS = NO;
				SWIFT_APPROACHABLE_CONCURRENCY = YES;
				SWIFT_EMIT_LOC_STRINGS = NO;
				SWIFT_UPCOMING_FEATURE_MEMBER_IMPORT_VISIBILITY = YES;
				SWIFT_VERSION = 5.0;
				TARGETED_DEVICE_FAMILY = "1,2";
				TEST_HOST = "$(BUILT_PRODUCTS_DIR)/CloverFinder.app/$(BUNDLE_EXECUTABLE_FOLDER_PATH)/CloverFinder";
			};
			name = Release;
		};
		BF0B4FEB2EF45F1F00AC9B6A /* Debug */ = {
			isa = XCBuildConfiguration;
			buildSettings = {
				CODE_SIGN_STYLE = Automatic;
				CURRENT_PROJECT_VERSION = 1;
				DEVELOPMENT_TEAM = Z78375QK9J;
				GENERATE_INFOPLIST_FILE = YES;
				MARKETING_VERSION = 1.0;
				PRODUCT_BUNDLE_IDENTIFIER = manbat.CloverFinderUITests;
				PRODUCT_NAME = "$(TARGET_NAME)";
				STRING_CATALOG_GENERATE_SYMBOLS = NO;
				SWIFT_APPROACHABLE_CONCURRENCY = YES;
				SWIFT_EMIT_LOC_STRINGS = NO;
				SWIFT_UPCOMING_FEATURE_MEMBER_IMPORT_VISIBILITY = YES;
				SWIFT_VERSION = 5.0;
				TARGETED_DEVICE_FAMILY = "1,2";
				TEST_TARGET_NAME = CloverFinder;
			};
			name = Debug;
		};
		BF0B4FEC2EF45F1F00AC9B6A /* Release */ = {
			isa = XCBuildConfiguration;
			buildSettings = {
				CODE_SIGN_STYLE = Automatic;
				CURRENT_PROJECT_VERSION = 1;
				DEVELOPMENT_TEAM = Z78375QK9J;
				GENERATE_INFOPLIST_FILE = YES;
				MARKETING_VERSION = 1.0;
				PRODUCT_BUNDLE_IDENTIFIER = manbat.CloverFinderUITests;
				PRODUCT_NAME = "$(TARGET_NAME)";
				STRING_CATALOG_GENERATE_SYMBOLS = NO;
				SWIFT_APPROACHABLE_CONCURRENCY = YES;
				SWIFT_EMIT_LOC_STRINGS = NO;
				SWIFT_UPCOMING_FEATURE_MEMBER_IMPORT_VISIBILITY = YES;
				SWIFT_VERSION = 5.0;
				TARGETED_DEVICE_FAMILY = "1,2";
				TEST_TARGET_NAME = CloverFinder;
			};
			name = Release;
		};
/* End XCBuildConfiguration section */

/* Begin XCConfigurationList section */
		BF0B4FBE2EF45F1D00AC9B6A /* Build configuration list for PBXProject "CloverFinder" */ = {
			isa = XCConfigurationList;
			buildConfigurations = (
				BF0B4FE22EF45F1F00AC9B6A /* Debug */,
				BF0B4FE32EF45F1F00AC9B6A /* Release */,
			);
			defaultConfigurationIsVisible = 0;
			defaultConfigurationName = Release;
		};
		BF0B4FE42EF45F1F00AC9B6A /* Build configuration list for PBXNativeTarget "CloverFinder" */ = {
			isa = XCConfigurationList;
			buildConfigurations = (
				BF0B4FE52EF45F1F00AC9B6A /* Debug */,
				BF0B4FE62EF45F1F00AC9B6A /* Release */,
			);
			defaultConfigurationIsVisible = 0;
			defaultConfigurationName = Release;
		};
		BF0B4FE72EF45F1F00AC9B6A /* Build configuration list for PBXNativeTarget "CloverFinderTests" */ = {
			isa = XCConfigurationList;
			buildConfigurations = (
				BF0B4FE82EF45F1F00AC9B6A /* Debug */,
				BF0B4FE92EF45F1F00AC9B6A /* Release */,
			);
			defaultConfigurationIsVisible = 0;
			defaultConfigurationName = Release;
		};
		BF0B4FEA2EF45F1F00AC9B6A /* Build configuration list for PBXNativeTarget "CloverFinderUITests" */ = {
			isa = XCConfigurationList;
			buildConfigurations = (
				BF0B4FEB2EF45F1F00AC9B6A /* Debug */,
				BF0B4FEC2EF45F1F00AC9B6A /* Release */,
			);
			defaultConfigurationIsVisible = 0;
			defaultConfigurationName = Release;
		};
/* End XCConfigurationList section */
	};
	rootObject = BF0B4FBB2EF45F1D00AC9B6A /* Project object */;
}
